
Microsoft Visual Studio Solution File, Format Version 12.00
# Visual Studio Version 17
VisualStudioVersion = 17.5.33530.505
MinimumVisualStudioVersion = 10.0.40219.1
Project("{9A19103F-16F7-4668-BE54-9A1E7A4F7556}") = "Gruppo2.WebApp", "Gruppo2.WebApp\Gruppo2.WebApp.csproj", "{67132382-020B-4038-91FB-51D899C5EA5A}"
EndProject
Project("{9A19103F-16F7-4668-BE54-9A1E7A4F7556}") = "Gruppo2.AdminApp", "Gruppo2.AdminApp\Gruppo2.AdminApp.csproj", "{1874C22A-00F6-4ECC-9292-7CE74F14B9E0}"
EndProject
Global
	GlobalSection(SolutionConfigurationPlatforms) = preSolution
		Debug|Any CPU = Debug|Any CPU
		Release|Any CPU = Release|Any CPU
	EndGlobalSection
	GlobalSection(ProjectConfigurationPlatforms) = postSolution
		{67132382-020B-4038-91FB-51D899C5EA5A}.Debug|Any CPU.ActiveCfg = Debug|Any CPU
		{67132382-020B-4038-91FB-51D899C5EA5A}.Debug|Any CPU.Build.0 = Debug|Any CPU
		{67132382-020B-4038-91FB-51D899C5EA5A}.Release|Any CPU.ActiveCfg = Release|Any CPU
		{67132382-020B-4038-91FB-51D899C5EA5A}.Release|Any CPU.Build.0 = Release|Any CPU
		{1874C22A-00F6-4ECC-9292-7CE74F14B9E0}.Debug|Any CPU.ActiveCfg = Debug|Any CPU
		{1874C22A-00F6-4ECC-9292-7CE74F14B9E0}.Debug|Any CPU.Build.0 = Debug|Any CPU
		{1874C22A-00F6-4ECC-9292-7CE74F14B9E0}.Release|Any CPU.ActiveCfg = Release|Any CPU
		{1874C22A-00F6-4ECC-9292-7CE74F14B9E0}.Release|Any CPU.Build.0 = Release|Any CPU
	EndGlobalSection
	GlobalSection(SolutionProperties) = preSolution
		HideSolutionNode = FALSE
	EndGlobalSection
	GlobalSection(ExtensibilityGlobals) = postSolution
		SolutionGuid = {A08EFBE4-2069-4123-8208-8FA27A51B290}
	EndGlobalSection
EndGlobal
